# This file was autogenerated by Stack.
# You should not edit this file by hand.
# For more information, please see the documentation at:
#   https://docs.haskellstack.org/en/stable/lock_files

packages: []
snapshots:
- completed:
    size: 524996
    url: https://raw.githubusercontent.com/commercialhaskell/stackage-snapshots/master/lts/14/26.yaml
    sha256: c544f5b0c4877de1f69353442ef511a361e1bdacf86304a8ad7657abdff3b28a
  original: lts-14.26
